PODS:
  - Alamofire (4.9.1)
  - AlamofireImage (3.4.0):
    - Alamofire (~> 4.7)

DEPENDENCIES:
  - AlamofireImage (= 3.4)

SPEC REPOS:
  trunk:
    - Alamofire
    - AlamofireImage

SPEC CHECKSUMS:
  Alamofire: 85e8a02c69d6020a0d734f6054870d7ecb75cf18
  AlamofireImage: 5f79836de27236819b13b27d0c97be6c205976fe

PODFILE CHECKSUM: 4fd9bc927056d321cf00c3d5c6c1ff1b16260c04

COCOAPODS: 1.9.3
