// !$*UTF8*$!
{
	archiveVersion = 1;
	classes = {
	};
	objectVersion = 50;
	objects = {

/* Begin PBXBuildFile section */
		4695D8F72520C50600935C9C /* AppDelegate.swift in Sources */ = {isa = PBXBuildFile; fileRef = 4695D8F62520C50600935C9C /* AppDelegate.swift */; };
		4695D8F92520C50600935C9C /* SceneDelegate.swift in Sources */ = {isa = PBXBuildFile; fileRef = 4695D8F82520C50600935C9C /* SceneDelegate.swift */; };
		4695D8FB2520C50600935C9C /* ViewController.swift in Sources */ = {isa = PBXBuildFile; fileRef = 4695D8FA2520C50600935C9C /* ViewController.swift */; };
		4695D8FE2520C50600935C9C /* Main.storyboard in Resources */ = {isa = PBXBuildFile; fileRef = 4695D8FC2520C50600935C9C /* Main.storyboard */; };
		4695D9002520C50900935C9C /* Assets.xcassets in Resources */ = {isa = PBXBuildFile; fileRef = 4695D8FF2520C50900935C9C /* Assets.xcassets */; };
		4695D9032520C50900935C9C /* LaunchScreen.storyboard in Resources */ = {isa = PBXBuildFile; fileRef = 4695D9012520C50900935C9C /* LaunchScreen.storyboard */; };
		4695D90E2520C50900935C9C /* flixsterTests.swift in Sources */ = {isa = PBXBuildFile; fileRef = 4695D90D2520C50900935C9C /* flixsterTests.swift */; };
		4695D9192520C50900935C9C /* flixsterUITests.swift in Sources */ = {isa = PBXBuildFile; fileRef = 4695D9182520C50900935C9C /* flixsterUITests.swift */; };
/* End PBXBuildFile section */

/* Begin PBXContainerItemProxy section */
		4695D90A2520C50900935C9C /* PBXContainerItemProxy */ = {
			isa = PBXContainerItemProxy;
			containerPortal = 4695D8EB2520C50600935C9C /* Project object */;
			proxyType = 1;
			remoteGlobalIDString = 4695D8F22520C50600935C9C;
			remoteInfo = flixster;
		};
		4695D9152520C50900935C9C /* PBXContainerItemProxy */ = {
			isa = PBXContainerItemProxy;
			containerPortal = 4695D8EB2520C50600935C9C /* Project object */;
			proxyType = 1;
			remoteGlobalIDString = 4695D8F22520C50600935C9C;
			remoteInfo = flixster;
		};
/* End PBXContainerItemProxy section */

/* Begin PBXFileReference section */
		4695D8F32520C50600935C9C /* flixster.app */ = {isa = PBXFileReference; explicitFileType = wrapper.application; includeInIndex = 0; path = flixster.app; sourceTree = BUILT_PRODUCTS_DIR; };
		4695D8F62520C50600935C9C /* AppDelegate.swift */ = {isa = PBXFileReference; lastKnownFileType = sourcecode.swift; path = AppDelegate.swift; sourceTree = "<group>"; };
		4695D8F82520C50600935C9C /* SceneDelegate.swift */ = {isa = PBXFileReference; lastKnownFileType = sourcecode.swift; path = SceneDelegate.swift; sourceTree = "<group>"; };
		4695D8FA2520C50600935C9C /* ViewController.swift */ = {isa = PBXFileReference; lastKnownFileType = sourcecode.swift; path = ViewController.swift; sourceTree = "<group>"; };
		4695D8FD2520C50600935C9C /* Base */ = {isa = PBXFileReference; lastKnownFileType = file.storyboard; name = Base; path = Base.lproj/Main.storyboard; sourceTree = "<group>"; };
		4695D8FF2520C50900935C9C /* Assets.xcassets */ = {isa = PBXFileReference; lastKnownFileType = folder.assetcatalog; path = Assets.xcassets; sourceTree = "<group>"; };
		4695D9022520C50900935C9C /* Base */ = {isa = PBXFileReference; lastKnownFileType = file.storyboard; name = Base; path = Base.lproj/LaunchScreen.storyboard; sourceTree = "<group>"; };
		4695D9042520C50900935C9C /* Info.plist */ = {isa = PBXFileReference; lastKnownFileType = text.plist.xml; path = Info.plist; sourceTree = "<group>"; };
		4695D9092520C50900935C9C /* flixsterTests.xctest */ = {isa = PBXFileReference; explicitFileType = wrapper.cfbundle; includeInIndex = 0; path = flixsterTests.xctest; sourceTree = BUILT_PRODUCTS_DIR; };
		4695D90D2520C50900935C9C /* flixsterTests.swift */ = {isa = PBXFileReference; lastKnownFileType = sourcecode.swift; path = flixsterTests.swift; sourceTree = "<group>"; };
		4695D90F2520C50900935C9C /* Info.plist */ = {isa = PBXFileReference; lastKnownFileType = text.plist.xml; path = Info.plist; sourceTree = "<group>"; };
		4695D9142520C50900935C9C /* flixsterUITests.xctest */ = {isa = PBXFileReference; explicitFileType = wrapper.cfbundle; includeInIndex = 0; path = flixsterUITests.xctest; sourceTree = BUILT_PRODUCTS_DIR; };
		4695D9182520C50900935C9C /* flixsterUITests.swift */ = {isa = PBXFileReference; lastKnownFileType = sourcecode.swift; path = flixsterUITests.swift; sourceTree = "<group>"; };
		4695D91A2520C50900935C9C /* Info.plist */ = {isa = PBXFileReference; lastKnownFileType = text.plist.xml; path = Info.plist; sourceTree = "<group>"; };
/* End PBXFileReference section */

/* Begin PBXFrameworksBuildPhase section */
		4695D8F02520C50600935C9C /* Frameworks */ = {
			isa = PBXFrameworksBuildPhase;
			buildActionMask = 2147483647;
			files = (
			);
			runOnlyForDeploymentPostprocessing = 0;
		};
		4695D9062520C50900935C9C /* Frameworks */ = {
			isa = PBXFrameworksBuildPhase;
			buildActionMask = 2147483647;
			files = (
			);
			runOnlyForDeploymentPostprocessing = 0;
		};
		4695D9112520C50900935C9C /* Frameworks */ = {
			isa = PBXFrameworksBuildPhase;
			buildActionMask = 2147483647;
			files = (
			);
			runOnlyForDeploymentPostprocessing = 0;
		};
/* End PBXFrameworksBuildPhase section */

/* Begin PBXGroup section */
		4695D8EA2520C50600935C9C = {
			isa = PBXGroup;
			children = (
				4695D8F52520C50600935C9C /* flixster */,
				4695D90C2520C50900935C9C /* flixsterTests */,
				4695D9172520C50900935C9C /* flixsterUITests */,
				4695D8F42520C50600935C9C /* Products */,
			);
			sourceTree = "<group>";
		};
		4695D8F42520C50600935C9C /* Products */ = {
			isa = PBXGroup;
			children = (
				4695D8F32520C50600935C9C /* flixster.app */,
				4695D9092520C50900935C9C /* flixsterTests.xctest */,
				4695D9142520C50900935C9C /* flixsterUITests.xctest */,
			);
			name = Products;
			sourceTree = "<group>";
		};
		4695D8F52520C50600935C9C /* flixster */ = {
			isa = PBXGroup;
			children = (
				4695D8F62520C50600935C9C /* AppDelegate.swift */,
				4695D8F82520C50600935C9C /* SceneDelegate.swift */,
				4695D8FA2520C50600935C9C /* ViewController.swift */,
				4695D8FC2520C50600935C9C /* Main.storyboard */,
				4695D8FF2520C50900935C9C /* Assets.xcassets */,
				4695D9012520C50900935C9C /* LaunchScreen.storyboard */,
				4695D9042520C50900935C9C /* Info.plist */,
			);
			path = flixster;
			sourceTree = "<group>";
		};
		4695D90C2520C50900935C9C /* flixsterTests */ = {
			isa = PBXGroup;
			children = (
				4695D90D2520C50900935C9C /* flixsterTests.swift */,
				4695D90F2520C50900935C9C /* Info.plist */,
			);
			path = flixsterTests;
			sourceTree = "<group>";
		};
		4695D9172520C50900935C9C /* flixsterUITests */ = {
			isa = PBXGroup;
			children = (
				4695D9182520C50900935C9C /* flixsterUITests.swift */,
				4695D91A2520C50900935C9C /* Info.plist */,
			);
			path = flixsterUITests;
			sourceTree = "<group>";
		};
/* End PBXGroup section */

/* Begin PBXNativeTarget section */
		4695D8F22520C50600935C9C /* flixster */ = {
			isa = PBXNativeTarget;
			buildConfigurationList = 4695D91D2520C50900935C9C /* Build configuration list for PBXNativeTarget "flixster" */;
			buildPhases = (
				4695D8EF2520C50600935C9C /* Sources */,
				4695D8F02520C50600935C9C /* Frameworks */,
				4695D8F12520C50600935C9C /* Resources */,
			);
			buildRules = (
			);
			dependencies = (
			);
			name = flixster;
			productName = flixster;
			productReference = 4695D8F32520C50600935C9C /* flixster.app */;
			productType = "com.apple.product-type.application";
		};
		4695D9082520C50900935C9C /* flixsterTests */ = {
			isa = PBXNativeTarget;
			buildConfigurationList = 4695D9202520C50900935C9C /* Build configuration list for PBXNativeTarget "flixsterTests" */;
			buildPhases = (
				4695D9052520C50900935C9C /* Sources */,
				4695D9062520C50900935C9C /* Frameworks */,
				4695D9072520C50900935C9C /* Resources */,
			);
			buildRules = (
			);
			dependencies = (
				4695D90B2520C50900935C9C /* PBXTargetDependency */,
			);
			name = flixsterTests;
			productName = flixsterTests;
			productReference = 4695D9092520C50900935C9C /* flixsterTests.xctest */;
			productType = "com.apple.product-type.bundle.unit-test";
		};
		4695D9132520C50900935C9C /* flixsterUITests */ = {
			isa = PBXNativeTarget;
			buildConfigurationList = 4695D9232520C50900935C9C /* Build configuration list for PBXNativeTarget "flixsterUITests" */;
			buildPhases = (
				4695D9102520C50900935C9C /* Sources */,
				4695D9112520C50900935C9C /* Frameworks */,
				4695D9122520C50900935C9C /* Resources */,
			);
			buildRules = (
			);
			dependencies = (
				4695D9162520C50900935C9C /* PBXTargetDependency */,
			);
			name = flixsterUITests;
			productName = flixsterUITests;
			productReference = 4695D9142520C50900935C9C /* flixsterUITests.xctest */;
			productType = "com.apple.product-type.bundle.ui-testing";
		};
/* End PBXNativeTarget section */

/* Begin PBXProject section */
		4695D8EB2520C50600935C9C /* Project object */ = {
			isa = PBXProject;
			attributes = {
				LastSwiftUpdateCheck = 1110;
				LastUpgradeCheck = 1110;
				ORGANIZATIONNAME = neshaprabahar;
				TargetAttributes = {
					4695D8F22520C50600935C9C = {
						CreatedOnToolsVersion = 11.1;
					};
					4695D9082520C50900935C9C = {
						CreatedOnToolsVersion = 11.1;
						TestTargetID = 4695D8F22520C50600935C9C;
					};
					4695D9132520C50900935C9C = {
						CreatedOnToolsVersion = 11.1;
						TestTargetID = 4695D8F22520C50600935C9C;
					};
				};
			};
			buildConfigurationList = 4695D8EE2520C50600935C9C /* Build configuration list for PBXProject "flixster" */;
			compatibilityVersion = "Xcode 9.3";
			developmentRegion = en;
			hasScannedForEncodings = 0;
			knownRegions = (
				en,
				Base,
			);
			mainGroup = 4695D8EA2520C50600935C9C;
			productRefGroup = 4695D8F42520C50600935C9C /* Products */;
			projectDirPath = "";
			projectRoot = "";
			targets = (
				4695D8F22520C50600935C9C /* flixster */,
				4695D9082520C50900935C9C /* flixsterTests */,
				4695D9132520C50900935C9C /* flixsterUITests */,
			);
		};
/* End PBXProject section */

/* Begin PBXResourcesBuildPhase section */
		4695D8F12520C50600935C9C /* Resources */ = {
			isa = PBXResourcesBuildPhase;
			buildActionMask = 2147483647;
			files = (
				4695D9032520C50900935C9C /* LaunchScreen.storyboard in Resources */,
				4695D9002520C50900935C9C /* Assets.xcassets in Resources */,
				4695D8FE2520C50600935C9C /* Main.storyboard in Resources */,
			);
			runOnlyForDeploymentPostprocessing = 0;
		};
		4695D9072520C50900935C9C /* Resources */ = {
			isa = PBXResourcesBuildPhase;
			buildActionMask = 2147483647;
			files = (
			);
			runOnlyForDeploymentPostprocessing = 0;
		};
		4695D9122520C50900935C9C /* Resources */ = {
			isa = PBXResourcesBuildPhase;
			buildActionMask = 2147483647;
			files = (
			);
			runOnlyForDeploymentPostprocessing = 0;
		};
/* End PBXResourcesBuildPhase section */

/* Begin PBXSourcesBuildPhase section */
		4695D8EF2520C50600935C9C /* Sources */ = {
			isa = PBXSourcesBuildPhase;
			buildActionMask = 2147483647;
			files = (
				4695D8FB2520C50600935C9C /* ViewController.swift in Sources */,
				4695D8F72520C50600935C9C /* AppDelegate.swift in Sources */,
				4695D8F92520C50600935C9C /* SceneDelegate.swift in Sources */,
			);
			runOnlyForDeploymentPostprocessing = 0;
		};
		4695D9052520C50900935C9C /* Sources */ = {
			isa = PBXSourcesBuildPhase;
			buildActionMask = 2147483647;
			files = (
				4695D90E2520C50900935C9C /* flixsterTests.swift in Sources */,
			);
			runOnlyForDeploymentPostprocessing = 0;
		};
		4695D9102520C50900935C9C /* Sources */ = {
			isa = PBXSourcesBuildPhase;
			buildActionMask = 2147483647;
			files = (
				4695D9192520C50900935C9C /* flixsterUITests.swift in Sources */,
			);
			runOnlyForDeploymentPostprocessing = 0;
		};
/* End PBXSourcesBuildPhase section */

/* Begin PBXTargetDependency section */
		4695D90B2520C50900935C9C /* PBXTargetDependency */ = {
			isa = PBXTargetDependency;
			target = 4695D8F22520C50600935C9C /* flixster */;
			targetProxy = 4695D90A2520C50900935C9C /* PBXContainerItemProxy */;
		};
		4695D9162520C50900935C9C /* PBXTargetDependency */ = {
			isa = PBXTargetDependency;
			target = 4695D8F22520C50600935C9C /* flixster */;
			targetProxy = 4695D9152520C50900935C9C /* PBXContainerItemProxy */;
		};
/* End PBXTargetDependency section */

/* Begin PBXVariantGroup section */
		4695D8FC2520C50600935C9C /* Main.storyboard */ = {
			isa = PBXVariantGroup;
			children = (
				4695D8FD2520C50600935C9C /* Base */,
			);
			name = Main.storyboard;
			sourceTree = "<group>";
		};
		4695D9012520C50900935C9C /* LaunchScreen.storyboard */ = {
			isa = PBXVariantGroup;
			children = (
				4695D9022520C50900935C9C /* Base */,
			);
			name = LaunchScreen.storyboard;
			sourceTree = "<group>";
		};
/* End PBXVariantGroup section */

/* Begin XCBuildConfiguration section */
		4695D91B2520C50900935C9C /* Debug */ = {
			isa = XCBuildConfiguration;
			buildSettings = {
				ALWAYS_SEARCH_USER_PATHS = NO;
				CLANG_ANALYZER_NONNULL = YES;
				CLANG_ANALYZER_NUMBER_OBJECT_CONVERSION = YES_AGGRESSIVE;
				CLANG_CXX_LANGUAGE_STANDARD = "gnu++14";
				CLANG_CXX_LIBRARY = "libc++";
				CLANG_ENABLE_MODULES = YES;
				CLANG_ENABLE_OBJC_ARC = YES;
				CLANG_ENABLE_OBJC_WEAK = YES;
				CLANG_WARN_BLOCK_CAPTURE_AUTORELEASING = YES;
				CLANG_WARN_BOOL_CONVERSION = YES;
				CLANG_WARN_COMMA = YES;
				CLANG_WARN_CONSTANT_CONVERSION = YES;
				CLANG_WARN_DEPRECATED_OBJC_IMPLEMENTATIONS = YES;
				CLANG_WARN_DIRECT_OBJC_ISA_USAGE = YES_ERROR;
				CLANG_WARN_DOCUMENTATION_COMMENTS = YES;
				CLANG_WARN_EMPTY_BODY = YES;
				CLANG_WARN_ENUM_CONVERSION = YES;
				CLANG_WARN_INFINITE_RECURSION = YES;
				CLANG_WARN_INT_CONVERSION = YES;
				CLANG_WARN_NON_LITERAL_NULL_CONVERSION = YES;
				CLANG_WARN_OBJC_IMPLICIT_RETAIN_SELF = YES;
				CLANG_WARN_OBJC_LITERAL_CONVERSION = YES;
				CLANG_WARN_OBJC_ROOT_CLASS = YES_ERROR;
				CLANG_WARN_RANGE_LOOP_ANALYSIS = YES;
				CLANG_WARN_STRICT_PROTOTYPES = YES;
				CLANG_WARN_SUSPICIOUS_MOVE = YES;
				CLANG_WARN_UNGUARDED_AVAILABILITY = YES_AGGRESSIVE;
				CLANG_WARN_UNREACHABLE_CODE = YES;
				CLANG_WARN__DUPLICATE_METHOD_MATCH = YES;
				COPY_PHASE_STRIP = NO;
				DEBUG_INFORMATION_FORMAT = dwarf;
				ENABLE_STRICT_OBJC_MSGSEND = YES;
				ENABLE_TESTABILITY = YES;
				GCC_C_LANGUAGE_STANDARD = gnu11;
				GCC_DYNAMIC_NO_PIC = NO;
				GCC_NO_COMMON_BLOCKS = YES;
				GCC_OPTIMIZATION_LEVEL = 0;
				GCC_PREPROCESSOR_DEFINITIONS = (
					"DEBUG=1",
					"$(inherited)",
				);
				GCC_WARN_64_TO_32_BIT_CONVERSION = YES;
				GCC_WARN_ABOUT_RETURN_TYPE = YES_ERROR;
				GCC_WARN_UNDECLARED_SELECTOR = YES;
				GCC_WARN_UNINITIALIZED_AUTOS = YES_AGGRESSIVE;
				GCC_WARN_UNUSED_FUNCTION = YES;
				GCC_WARN_UNUSED_VARIABLE = YES;
				IPHONEOS_DEPLOYMENT_TARGET = 13.1;
				MTL_ENABLE_DEBUG_INFO = INCLUDE_SOURCE;
				MTL_FAST_MATH = YES;
				ONLY_ACTIVE_ARCH = YES;
				SDKROOT = iphoneos;
				SWIFT_ACTIVE_COMPILATION_CONDITIONS = DEBUG;
				SWIFT_OPTIMIZATION_LEVEL = "-Onone";
			};
			name = Debug;
		};
		4695D91C2520C50900935C9C /* Release */ = {
			isa = XCBuildConfiguration;
			buildSettings = {
				ALWAYS_SEARCH_USER_PATHS = NO;
				CLANG_ANALYZER_NONNULL = YES;
				CLANG_ANALYZER_NUMBER_OBJECT_CONVERSION = YES_AGGRESSIVE;
				CLANG_CXX_LANGUAGE_STANDARD = "gnu++14";
				CLANG_CXX_LIBRARY = "libc++";
				CLANG_ENABLE_MODULES = YES;
				CLANG_ENABLE_OBJC_ARC = YES;
				CLANG_ENABLE_OBJC_WEAK = YES;
				CLANG_WARN_BLOCK_CAPTURE_AUTORELEASING = YES;
				CLANG_WARN_BOOL_CONVERSION = YES;
				CLANG_WARN_COMMA = YES;
				CLANG_WARN_CONSTANT_CONVERSION = YES;
				CLANG_WARN_DEPRECATED_OBJC_IMPLEMENTATIONS = YES;
				CLANG_WARN_DIRECT_OBJC_ISA_USAGE = YES_ERROR;
				CLANG_WARN_DOCUMENTATION_COMMENTS = YES;
				CLANG_WARN_EMPTY_BODY = YES;
				CLANG_WARN_ENUM_CONVERSION = YES;
				CLANG_WARN_INFINITE_RECURSION = YES;
				CLANG_WARN_INT_CONVERSION = YES;
				CLANG_WARN_NON_LITERAL_NULL_CONVERSION = YES;
				CLANG_WARN_OBJC_IMPLICIT_RETAIN_SELF = YES;
				CLANG_WARN_OBJC_LITERAL_CONVERSION = YES;
				CLANG_WARN_OBJC_ROOT_CLASS = YES_ERROR;
				CLANG_WARN_RANGE_LOOP_ANALYSIS = YES;
				CLANG_WARN_STRICT_PROTOTYPES = YES;
				CLANG_WARN_SUSPICIOUS_MOVE = YES;
				CLANG_WARN_UNGUARDED_AVAILABILITY = YES_AGGRESSIVE;
				CLANG_WARN_UNREACHABLE_CODE = YES;
				CLANG_WARN__DUPLICATE_METHOD_MATCH = YES;
				COPY_PHASE_STRIP = NO;
				DEBUG_INFORMATION_FORMAT = "dwarf-with-dsym";
				ENABLE_NS_ASSERTIONS = NO;
				ENABLE_STRICT_OBJC_MSGSEND = YES;
				GCC_C_LANGUAGE_STANDARD = gnu11;
				GCC_NO_COMMON_BLOCKS = YES;
				GCC_WARN_64_TO_32_BIT_CONVERSION = YES;
				GCC_WARN_ABOUT_RETURN_TYPE = YES_ERROR;
				GCC_WARN_UNDECLARED_SELECTOR = YES;
				GCC_WARN_UNINITIALIZED_AUTOS = YES_AGGRESSIVE;
				GCC_WARN_UNUSED_FUNCTION = YES;
				GCC_WARN_UNUSED_VARIABLE = YES;
				IPHONEOS_DEPLOYMENT_TARGET = 13.1;
				MTL_ENABLE_DEBUG_INFO = NO;
				MTL_FAST_MATH = YES;
				SDKROOT = iphoneos;
				SWIFT_COMPILATION_MODE = wholemodule;
				SWIFT_OPTIMIZATION_LEVEL = "-O";
				VALIDATE_PRODUCT = YES;
			};
			name = Release;
		};
		4695D91E2520C50900935C9C /* Debug */ = {
			isa = XCBuildConfiguration;
			buildSettings = {
				ASSETCATALOG_COMPILER_APPICON_NAME = AppIcon;
				CODE_SIGN_STYLE = Automatic;
				INFOPLIST_FILE = flixster/Info.plist;
				LD_RUNPATH_SEARCH_PATHS = (
					"$(inherited)",
					"@executable_path/Frameworks",
				);
				PRODUCT_BUNDLE_IDENTIFIER = com.neshaprabahar.flixster;
				PRODUCT_NAME = "$(TARGET_NAME)";
				SWIFT_VERSION = 5.0;
				TARGETED_DEVICE_FAMILY = "1,2";
			};
			name = Debug;
		};
		4695D91F2520C50900935C9C /* Release */ = {
			isa = XCBuildConfiguration;
			buildSettings = {
				ASSETCATALOG_COMPILER_APPICON_NAME = AppIcon;
				CODE_SIGN_STYLE = Automatic;
				INFOPLIST_FILE = flixster/Info.plist;
				LD_RUNPATH_SEARCH_PATHS = (
					"$(inherited)",
					"@executable_path/Frameworks",
				);
				PRODUCT_BUNDLE_IDENTIFIER = com.neshaprabahar.flixster;
				PRODUCT_NAME = "$(TARGET_NAME)";
				SWIFT_VERSION = 5.0;
				TARGETED_DEVICE_FAMILY = "1,2";
			};
			name = Release;
		};
		4695D9212520C50900935C9C /* Debug */ = {
			isa = XCBuildConfiguration;
			buildSettings = {
				ALWAYS_EMBED_SWIFT_STANDARD_LIBRARIES = YES;
				BUNDLE_LOADER = "$(TEST_HOST)";
				CODE_SIGN_STYLE = Automatic;
				INFOPLIST_FILE = flixsterTests/Info.plist;
				IPHONEOS_DEPLOYMENT_TARGET = 13.1;
				LD_RUNPATH_SEARCH_PATHS = (
					"$(inherited)",
					"@executable_path/Frameworks",
					"@loader_path/Frameworks",
				);
				PRODUCT_BUNDLE_IDENTIFIER = com.neshaprabahar.flixsterTests;
				PRODUCT_NAME = "$(TARGET_NAME)";
				SWIFT_VERSION = 5.0;
				TARGETED_DEVICE_FAMILY = "1,2";
				TEST_HOST = "$(BUILT_PRODUCTS_DIR)/flixster.app/flixster";
			};
			name = Debug;
		};
		4695D9222520C50900935C9C /* Release */ = {
			isa = XCBuildConfiguration;
			buildSettings = {
				ALWAYS_EMBED_SWIFT_STANDARD_LIBRARIES = YES;
				BUNDLE_LOADER = "$(TEST_HOST)";
				CODE_SIGN_STYLE = Automatic;
				INFOPLIST_FILE = flixsterTests/Info.plist;
				IPHONEOS_DEPLOYMENT_TARGET = 13.1;
				LD_RUNPATH_SEARCH_PATHS = (
					"$(inherited)",
					"@executable_path/Frameworks",
					"@loader_path/Frameworks",
				);
				PRODUCT_BUNDLE_IDENTIFIER = com.neshaprabahar.flixsterTests;
				PRODUCT_NAME = "$(TARGET_NAME)";
				SWIFT_VERSION = 5.0;
				TARGETED_DEVICE_FAMILY = "1,2";
				TEST_HOST = "$(BUILT_PRODUCTS_DIR)/flixster.app/flixster";
			};
			name = Release;
		};
		4695D9242520C50900935C9C /* Debug */ = {
			isa = XCBuildConfiguration;
			buildSettings = {
				ALWAYS_EMBED_SWIFT_STANDARD_LIBRARIES = YES;
				CODE_SIGN_STYLE = Automatic;
				INFOPLIST_FILE = flixsterUITests/Info.plist;
				LD_RUNPATH_SEARCH_PATHS = (
					"$(inherited)",
					"@executable_path/Frameworks",
					"@loader_path/Frameworks",
				);
				PRODUCT_BUNDLE_IDENTIFIER = com.neshaprabahar.flixsterUITests;
				PRODUCT_NAME = "$(TARGET_NAME)";
				SWIFT_VERSION = 5.0;
				TARGETED_DEVICE_FAMILY = "1,2";
				TEST_TARGET_NAME = flixster;
			};
			name = Debug;
		};
		4695D9252520C50900935C9C /* Release */ = {
			isa = XCBuildConfiguration;
			buildSettings = {
				ALWAYS_EMBED_SWIFT_STANDARD_LIBRARIES = YES;
				CODE_SIGN_STYLE = Automatic;
				INFOPLIST_FILE = flixsterUITests/Info.plist;
				LD_RUNPATH_SEARCH_PATHS = (
					"$(inherited)",
					"@executable_path/Frameworks",
					"@loader_path/Frameworks",
				);
				PRODUCT_BUNDLE_IDENTIFIER = com.neshaprabahar.flixsterUITests;
				PRODUCT_NAME = "$(TARGET_NAME)";
				SWIFT_VERSION = 5.0;
				TARGETED_DEVICE_FAMILY = "1,2";
				TEST_TARGET_NAME = flixster;
			};
			name = Release;
		};
/* End XCBuildConfiguration section */

/* Begin XCConfigurationList section */
		4695D8EE2520C50600935C9C /* Build configuration list for PBXProject "flixster" */ = {
			isa = XCConfigurationList;
			buildConfigurations = (
				4695D91B2520C50900935C9C /* Debug */,
				4695D91C2520C50900935C9C /* Release */,
			);
			defaultConfigurationIsVisible = 0;
			defaultConfigurationName = Release;
		};
		4695D91D2520C50900935C9C /* Build configuration list for PBXNativeTarget "flixster" */ = {
			isa = XCConfigurationList;
			buildConfigurations = (
				4695D91E2520C50900935C9C /* Debug */,
				4695D91F2520C50900935C9C /* Release */,
			);
			defaultConfigurationIsVisible = 0;
			defaultConfigurationName = Release;
		};
		4695D9202520C50900935C9C /* Build configuration list for PBXNativeTarget "flixsterTests" */ = {
			isa = XCConfigurationList;
			buildConfigurations = (
				4695D9212520C50900935C9C /* Debug */,
				4695D9222520C50900935C9C /* Release */,
			);
			defaultConfigurationIsVisible = 0;
			defaultConfigurationName = Release;
		};
		4695D9232520C50900935C9C /* Build configuration list for PBXNativeTarget "flixsterUITests" */ = {
			isa = XCConfigurationList;
			buildConfigurations = (
				4695D9242520C50900935C9C /* Debug */,
				4695D9252520C50900935C9C /* Release */,
			);
			defaultConfigurationIsVisible = 0;
			defaultConfigurationName = Release;
		};
/* End XCConfigurationList section */
	};
	rootObject = 4695D8EB2520C50600935C9C /* Project object */;
}
